
Microsoft Visual Studio Solution File, Format Version 12.00
# Visual Studio Version 17
VisualStudioVersion = 17.7.34221.43
MinimumVisualStudioVersion = 10.0.40219.1
Project("{FAE04EC0-301F-11D3-BF4B-00C04F79EFBC}") = "Snake", "Snake\Snake.csproj", "{4A4FB237-C606-488E-A778-79943F11A2A3}"
EndProject
Global
	GlobalSection(SolutionConfigurationPlatforms) = preSolution
		Debug|Any CPU = Debug|Any CPU
		Release|Any CPU = Release|Any CPU
	EndGlobalSection
	GlobalSection(ProjectConfigurationPlatforms) = postSolution
		{4A4FB237-C606-488E-A778-79943F11A2A3}.Debug|Any CPU.ActiveCfg = Debug|Any CPU
		{4A4FB237-C606-488E-A778-79943F11A2A3}.Debug|Any CPU.Build.0 = Debug|Any CPU
		{4A4FB237-C606-488E-A778-79943F11A2A3}.Release|Any CPU.ActiveCfg = Release|Any CPU
		{4A4FB237-C606-488E-A778-79943F11A2A3}.Release|Any CPU.Build.0 = Release|Any CPU
	EndGlobalSection
	GlobalSection(SolutionProperties) = preSolution
		HideSolutionNode = FALSE
	EndGlobalSection
	GlobalSection(ExtensibilityGlobals) = postSolution
		SolutionGuid = {4E57B329-18B2-4F2C-B8A6-4C4A45D6ABFD}
	EndGlobalSection
EndGlobal
